
Microsoft Visual Studio Solution File, Format Version 12.00
# Visual Studio 2013
VisualStudioVersion = 12.0.21005.1
MinimumVisualStudioVersion = 10.0.40219.1
Project("{FAE04EC0-301F-11D3-BF4B-00C04F79EFBC}") = "DataModel", "DataModel\DataModel.csproj", "{B6D2769A-0046-4544-8BCD-0DFED65F7583}"
EndProject
Project("{FAE04EC0-301F-11D3-BF4B-00C04F79EFBC}") = "AgentService", "MyService\AgentService.csproj", "{C372F0ED-55C2-4AFA-8C74-DD9FE8F7D24D}"
EndProject
Project("{FAE04EC0-301F-11D3-BF4B-00C04F79EFBC}") = "WebAce", "WebAce\WebAce.csproj", "{C2E65513-BE70-41DE-BA5A-07AC4F3B88F6}"
EndProject
Global
	GlobalSection(SolutionConfigurationPlatforms) = preSolution
		Debug|Any CPU = Debug|Any CPU
		Release|Any CPU = Release|Any CPU
	EndGlobalSection
	GlobalSection(ProjectConfigurationPlatforms) = postSolution
		{B6D2769A-0046-4544-8BCD-0DFED65F7583}.Debug|Any CPU.ActiveCfg = Debug|Any CPU
		{B6D2769A-0046-4544-8BCD-0DFED65F7583}.Debug|Any CPU.Build.0 = Debug|Any CPU
		{B6D2769A-0046-4544-8BCD-0DFED65F7583}.Release|Any CPU.ActiveCfg = Release|Any CPU
		{B6D2769A-0046-4544-8BCD-0DFED65F7583}.Release|Any CPU.Build.0 = Release|Any CPU
		{C372F0ED-55C2-4AFA-8C74-DD9FE8F7D24D}.Debug|Any CPU.ActiveCfg = Debug|Any CPU
		{C372F0ED-55C2-4AFA-8C74-DD9FE8F7D24D}.Debug|Any CPU.Build.0 = Debug|Any CPU
		{C372F0ED-55C2-4AFA-8C74-DD9FE8F7D24D}.Release|Any CPU.ActiveCfg = Release|Any CPU
		{C372F0ED-55C2-4AFA-8C74-DD9FE8F7D24D}.Release|Any CPU.Build.0 = Release|Any CPU
		{C2E65513-BE70-41DE-BA5A-07AC4F3B88F6}.Debug|Any CPU.ActiveCfg = Debug|Any CPU
		{C2E65513-BE70-41DE-BA5A-07AC4F3B88F6}.Debug|Any CPU.Build.0 = Debug|Any CPU
		{C2E65513-BE70-41DE-BA5A-07AC4F3B88F6}.Release|Any CPU.ActiveCfg = Release|Any CPU
		{C2E65513-BE70-41DE-BA5A-07AC4F3B88F6}.Release|Any CPU.Build.0 = Release|Any CPU
	EndGlobalSection
	GlobalSection(SolutionProperties) = preSolution
		HideSolutionNode = FALSE
	EndGlobalSection
EndGlobal
