
Microsoft Visual Studio Solution File, Format Version 12.00
# Visual Studio 2013
VisualStudioVersion = 12.0.21005.1
MinimumVisualStudioVersion = 10.0.40219.1
Project("{FAE04EC0-301F-11D3-BF4B-00C04F79EFBC}") = "DataModel", "DataModel\DataModel.csproj", "{B6D2769A-0046-4544-8BCD-0DFED65F7583}"
EndProject
Project("{FAE04EC0-301F-11D3-BF4B-00C04F79EFBC}") = "ServerHost", "ServerHost\ServerHost.csproj", "{BE7AFD61-4C8C-485F-B06A-BD0123C52AA4}"
EndProject
Project("{FAE04EC0-301F-11D3-BF4B-00C04F79EFBC}") = "ClientHost", "ClientHost\ClientHost.csproj", "{D5FC5AAF-BBCF-4680-9B82-F1406A5EC63F}"
EndProject
Project("{FAE04EC0-301F-11D3-BF4B-00C04F79EFBC}") = "ServiceApi", "ServiceApi\ServiceApi.csproj", "{5D3FC079-80AB-448E-9DDF-919CD0A700E4}"
EndProject
Project("{FAE04EC0-301F-11D3-BF4B-00C04F79EFBC}") = "MyService", "MyService\MyService.csproj", "{C372F0ED-55C2-4AFA-8C74-DD9FE8F7D24D}"
EndProject
Project("{FAE04EC0-301F-11D3-BF4B-00C04F79EFBC}") = "WcfServiceLibrary1", "WcfServiceLibrary1\WcfServiceLibrary1.csproj", "{8E5A64A7-EB05-40CE-A15E-3E6C21EBDF86}"
EndProject
Global
	GlobalSection(SolutionConfigurationPlatforms) = preSolution
		Debug|Any CPU = Debug|Any CPU
		Release|Any CPU = Release|Any CPU
	EndGlobalSection
	GlobalSection(ProjectConfigurationPlatforms) = postSolution
		{B6D2769A-0046-4544-8BCD-0DFED65F7583}.Debug|Any CPU.ActiveCfg = Debug|Any CPU
		{B6D2769A-0046-4544-8BCD-0DFED65F7583}.Debug|Any CPU.Build.0 = Debug|Any CPU
		{B6D2769A-0046-4544-8BCD-0DFED65F7583}.Release|Any CPU.ActiveCfg = Release|Any CPU
		{B6D2769A-0046-4544-8BCD-0DFED65F7583}.Release|Any CPU.Build.0 = Release|Any CPU
		{BE7AFD61-4C8C-485F-B06A-BD0123C52AA4}.Debug|Any CPU.ActiveCfg = Debug|Any CPU
		{BE7AFD61-4C8C-485F-B06A-BD0123C52AA4}.Debug|Any CPU.Build.0 = Debug|Any CPU
		{BE7AFD61-4C8C-485F-B06A-BD0123C52AA4}.Release|Any CPU.ActiveCfg = Release|Any CPU
		{BE7AFD61-4C8C-485F-B06A-BD0123C52AA4}.Release|Any CPU.Build.0 = Release|Any CPU
		{D5FC5AAF-BBCF-4680-9B82-F1406A5EC63F}.Debug|Any CPU.ActiveCfg = Debug|Any CPU
		{D5FC5AAF-BBCF-4680-9B82-F1406A5EC63F}.Debug|Any CPU.Build.0 = Debug|Any CPU
		{D5FC5AAF-BBCF-4680-9B82-F1406A5EC63F}.Release|Any CPU.ActiveCfg = Release|Any CPU
		{D5FC5AAF-BBCF-4680-9B82-F1406A5EC63F}.Release|Any CPU.Build.0 = Release|Any CPU
		{5D3FC079-80AB-448E-9DDF-919CD0A700E4}.Debug|Any CPU.ActiveCfg = Debug|Any CPU
		{5D3FC079-80AB-448E-9DDF-919CD0A700E4}.Debug|Any CPU.Build.0 = Debug|Any CPU
		{5D3FC079-80AB-448E-9DDF-919CD0A700E4}.Release|Any CPU.ActiveCfg = Release|Any CPU
		{5D3FC079-80AB-448E-9DDF-919CD0A700E4}.Release|Any CPU.Build.0 = Release|Any CPU
		{C372F0ED-55C2-4AFA-8C74-DD9FE8F7D24D}.Debug|Any CPU.ActiveCfg = Debug|Any CPU
		{C372F0ED-55C2-4AFA-8C74-DD9FE8F7D24D}.Debug|Any CPU.Build.0 = Debug|Any CPU
		{C372F0ED-55C2-4AFA-8C74-DD9FE8F7D24D}.Release|Any CPU.ActiveCfg = Release|Any CPU
		{C372F0ED-55C2-4AFA-8C74-DD9FE8F7D24D}.Release|Any CPU.Build.0 = Release|Any CPU
		{8E5A64A7-EB05-40CE-A15E-3E6C21EBDF86}.Debug|Any CPU.ActiveCfg = Debug|Any CPU
		{8E5A64A7-EB05-40CE-A15E-3E6C21EBDF86}.Debug|Any CPU.Build.0 = Debug|Any CPU
		{8E5A64A7-EB05-40CE-A15E-3E6C21EBDF86}.Release|Any CPU.ActiveCfg = Release|Any CPU
		{8E5A64A7-EB05-40CE-A15E-3E6C21EBDF86}.Release|Any CPU.Build.0 = Release|Any CPU
	EndGlobalSection
	GlobalSection(SolutionProperties) = preSolution
		HideSolutionNode = FALSE
	EndGlobalSection
EndGlobal
